
Microsoft Visual Studio Solution File, Format Version 12.00
# Visual Studio Version 17
VisualStudioVersion = 17.2.32519.379
MinimumVisualStudioVersion = 10.0.40219.1
Project("{FAE04EC0-301F-11D3-BF4B-00C04F79EFBC}") = "pryLopezS", "pryLopezS.csproj", "{04B5AC34-7C7E-4B2E-A8C3-7BF240E46928}"
EndProject
Global
	GlobalSection(SolutionConfigurationPlatforms) = preSolution
		Debug|Any CPU = Debug|Any CPU
		Release|Any CPU = Release|Any CPU
	EndGlobalSection
	GlobalSection(ProjectConfigurationPlatforms) = postSolution
		{04B5AC34-7C7E-4B2E-A8C3-7BF240E46928}.Debug|Any CPU.ActiveCfg = Debug|Any CPU
		{04B5AC34-7C7E-4B2E-A8C3-7BF240E46928}.Debug|Any CPU.Build.0 = Debug|Any CPU
		{04B5AC34-7C7E-4B2E-A8C3-7BF240E46928}.Release|Any CPU.ActiveCfg = Release|Any CPU
		{04B5AC34-7C7E-4B2E-A8C3-7BF240E46928}.Release|Any CPU.Build.0 = Release|Any CPU
	EndGlobalSection
	GlobalSection(SolutionProperties) = preSolution
		HideSolutionNode = FALSE
	EndGlobalSection
	GlobalSection(ExtensibilityGlobals) = postSolution
		SolutionGuid = {75D52383-F7B7-4FAA-884E-592F293C7770}
	EndGlobalSection
EndGlobal
